
Microsoft Visual Studio Solution File, Format Version 12.00
# Visual Studio Version 17
VisualStudioVersion = 17.5.33502.453
MinimumVisualStudioVersion = 10.0.40219.1
Project("{FAE04EC0-301F-11D3-BF4B-00C04F79EFBC}") = "WinFormsApp1", "WinFormsApp1\WinFormsApp1.csproj", "{EBC40AB3-C0BD-4113-A4BC-076FF0E7EA88}"
EndProject
Global
	GlobalSection(SolutionConfigurationPlatforms) = preSolution
		Debug|Any CPU = Debug|Any CPU
		Release|Any CPU = Release|Any CPU
	EndGlobalSection
	GlobalSection(ProjectConfigurationPlatforms) = postSolution
		{EBC40AB3-C0BD-4113-A4BC-076FF0E7EA88}.Debug|Any CPU.ActiveCfg = Debug|Any CPU
		{EBC40AB3-C0BD-4113-A4BC-076FF0E7EA88}.Debug|Any CPU.Build.0 = Debug|Any CPU
		{EBC40AB3-C0BD-4113-A4BC-076FF0E7EA88}.Release|Any CPU.ActiveCfg = Release|Any CPU
		{EBC40AB3-C0BD-4113-A4BC-076FF0E7EA88}.Release|Any CPU.Build.0 = Release|Any CPU
	EndGlobalSection
	GlobalSection(SolutionProperties) = preSolution
		HideSolutionNode = FALSE
	EndGlobalSection
	GlobalSection(ExtensibilityGlobals) = postSolution
		SolutionGuid = {D9F21FF0-756D-4071-9EF3-C9B9F112E471}
	EndGlobalSection
EndGlobal
